
Microsoft Visual Studio Solution File, Format Version 12.00
# Visual Studio Version 17
VisualStudioVersion = 17.5.33424.131
MinimumVisualStudioVersion = 10.0.40219.1
Project("{FAE04EC0-301F-11D3-BF4B-00C04F79EFBC}") = "2ndLargestNumberfromArray", "2ndLargestNumberfromArray.csproj", "{ECD8A89B-ADC1-4237-9C25-83CFC822DC9C}"
EndProject
Global
	GlobalSection(SolutionConfigurationPlatforms) = preSolution
		Debug|Any CPU = Debug|Any CPU
		Release|Any CPU = Release|Any CPU
	EndGlobalSection
	GlobalSection(ProjectConfigurationPlatforms) = postSolution
		{ECD8A89B-ADC1-4237-9C25-83CFC822DC9C}.Debug|Any CPU.ActiveCfg = Debug|Any CPU
		{ECD8A89B-ADC1-4237-9C25-83CFC822DC9C}.Debug|Any CPU.Build.0 = Debug|Any CPU
		{ECD8A89B-ADC1-4237-9C25-83CFC822DC9C}.Release|Any CPU.ActiveCfg = Release|Any CPU
		{ECD8A89B-ADC1-4237-9C25-83CFC822DC9C}.Release|Any CPU.Build.0 = Release|Any CPU
	EndGlobalSection
	GlobalSection(SolutionProperties) = preSolution
		HideSolutionNode = FALSE
	EndGlobalSection
	GlobalSection(ExtensibilityGlobals) = postSolution
		SolutionGuid = {AA5D0620-5BFC-49D0-BF23-97E0485B4582}
	EndGlobalSection
EndGlobal
